
Microsoft Visual Studio Solution File, Format Version 12.00
# Visual Studio Version 17
VisualStudioVersion = 17.11.35303.130
MinimumVisualStudioVersion = 10.0.40219.1
Project("{9A19103F-16F7-4668-BE54-9A1E7A4F7556}") = "WebApi", "WebApi.csproj", "{382882C5-1D4D-4FBF-BC24-69577FEB3874}"
EndProject
Project("{FAE04EC0-301F-11D3-BF4B-00C04F79EFBC}") = "WebApi.Testes", "..\WebApi.Testes\WebApi.Testes.csproj", "{EFC4E270-8308-4F38-ABC3-3EC8B86ED79E}"
EndProject
Global
	GlobalSection(SolutionConfigurationPlatforms) = preSolution
		Debug|Any CPU = Debug|Any CPU
		Release|Any CPU = Release|Any CPU
	EndGlobalSection
	GlobalSection(ProjectConfigurationPlatforms) = postSolution
		{382882C5-1D4D-4FBF-BC24-69577FEB3874}.Debug|Any CPU.ActiveCfg = Debug|Any CPU
		{382882C5-1D4D-4FBF-BC24-69577FEB3874}.Debug|Any CPU.Build.0 = Debug|Any CPU
		{382882C5-1D4D-4FBF-BC24-69577FEB3874}.Release|Any CPU.ActiveCfg = Release|Any CPU
		{382882C5-1D4D-4FBF-BC24-69577FEB3874}.Release|Any CPU.Build.0 = Release|Any CPU
		{EFC4E270-8308-4F38-ABC3-3EC8B86ED79E}.Debug|Any CPU.ActiveCfg = Debug|Any CPU
		{EFC4E270-8308-4F38-ABC3-3EC8B86ED79E}.Debug|Any CPU.Build.0 = Debug|Any CPU
		{EFC4E270-8308-4F38-ABC3-3EC8B86ED79E}.Release|Any CPU.ActiveCfg = Release|Any CPU
		{EFC4E270-8308-4F38-ABC3-3EC8B86ED79E}.Release|Any CPU.Build.0 = Release|Any CPU
	EndGlobalSection
	GlobalSection(SolutionProperties) = preSolution
		HideSolutionNode = FALSE
	EndGlobalSection
	GlobalSection(ExtensibilityGlobals) = postSolution
		SolutionGuid = {3E0DCE76-F99F-4A3B-8A20-00A3C80B3C4F}
	EndGlobalSection
EndGlobal
